// !$*UTF8*$!
{
	archiveVersion = 1;
	classes = {
	};
	objectVersion = 56;
	objects = {

/* Begin PBXBuildFile section */
		FAE0B75E29EED59C00448106 /* MortgageCalculatorApp.swift in Sources */ = {isa = PBXBuildFile; fileRef = FAE0B75D29EED59C00448106 /* MortgageCalculatorApp.swift */; };
		FAE0B76029EED59C00448106 /* MortgageView.swift in Sources */ = {isa = PBXBuildFile; fileRef = FAE0B75F29EED59C00448106 /* MortgageView.swift */; };
		FAE0B76229EED59E00448106 /* Assets.xcassets in Resources */ = {isa = PBXBuildFile; fileRef = FAE0B76129EED59E00448106 /* Assets.xcassets */; };
		FAE0B76529EED59E00448106 /* Preview Assets.xcassets in Resources */ = {isa = PBXBuildFile; fileRef = FAE0B76429EED59E00448106 /* Preview Assets.xcassets */; };
		FAE0B76C29EED5D300448106 /* MortgageViewModel.swift in Sources */ = {isa = PBXBuildFile; fileRef = FAE0B76B29EED5D300448106 /* MortgageViewModel.swift */; };
		FAE0B76E29EED5F300448106 /* Mortgage.swift in Sources */ = {isa = PBXBuildFile; fileRef = FAE0B76D29EED5F300448106 /* Mortgage.swift */; };
		FAE0B80729F0552E00448106 /* MortgageCalculator1.docc in Sources */ = {isa = PBXBuildFile; fileRef = FAE0B80629F0552E00448106 /* MortgageCalculator1.docc */; };
		FAE0B80D29F0552E00448106 /* MortgageCalculator1.framework in Frameworks */ = {isa = PBXBuildFile; fileRef = FAE0B80329F0552E00448106 /* MortgageCalculator1.framework */; };
		FAE0B81429F0552E00448106 /* MortgageCalculator1Tests.swift in Sources */ = {isa = PBXBuildFile; fileRef = FAE0B81329F0552E00448106 /* MortgageCalculator1Tests.swift */; };
		FAE0B81529F0552E00448106 /* MortgageCalculator1.h in Headers */ = {isa = PBXBuildFile; fileRef = FAE0B80529F0552E00448106 /* MortgageCalculator1.h */; settings = {ATTRIBUTES = (Public, ); }; };
		FAE0B81829F0552E00448106 /* MortgageCalculator1.framework in Frameworks */ = {isa = PBXBuildFile; fileRef = FAE0B80329F0552E00448106 /* MortgageCalculator1.framework */; };
		FAE0B81929F0552E00448106 /* MortgageCalculator1.framework in Embed Frameworks */ = {isa = PBXBuildFile; fileRef = FAE0B80329F0552E00448106 /* MortgageCalculator1.framework */; settings = {ATTRIBUTES = (CodeSignOnCopy, RemoveHeadersOnCopy, ); }; };
/* End PBXBuildFile section */

/* Begin PBXContainerItemProxy section */
		FAE0B80E29F0552E00448106 /* PBXContainerItemProxy */ = {
			isa = PBXContainerItemProxy;
			containerPortal = FAE0B75229EED59C00448106 /* Project object */;
			proxyType = 1;
			remoteGlobalIDString = FAE0B80229F0552E00448106;
			remoteInfo = MortgageCalculator1;
		};
		FAE0B81029F0552E00448106 /* PBXContainerItemProxy */ = {
			isa = PBXContainerItemProxy;
			containerPortal = FAE0B75229EED59C00448106 /* Project object */;
			proxyType = 1;
			remoteGlobalIDString = FAE0B75929EED59C00448106;
			remoteInfo = MortgageCalculator;
		};
		FAE0B81629F0552E00448106 /* PBXContainerItemProxy */ = {
			isa = PBXContainerItemProxy;
			containerPortal = FAE0B75229EED59C00448106 /* Project object */;
			proxyType = 1;
			remoteGlobalIDString = FAE0B80229F0552E00448106;
			remoteInfo = MortgageCalculator1;
		};
/* End PBXContainerItemProxy section */

/* Begin PBXCopyFilesBuildPhase section */
		FAE0B7EF29F0476300448106 /* Embed Frameworks */ = {
			isa = PBXCopyFilesBuildPhase;
			buildActionMask = 2147483647;
			dstPath = "";
			dstSubfolderSpec = 10;
			files = (
				FAE0B81929F0552E00448106 /* MortgageCalculator1.framework in Embed Frameworks */,
			);
			name = "Embed Frameworks";
			runOnlyForDeploymentPostprocessing = 0;
		};
/* End PBXCopyFilesBuildPhase section */

/* Begin PBXFileReference section */
		FAE0B75A29EED59C00448106 /* MortgageCalculator.app */ = {isa = PBXFileReference; explicitFileType = wrapper.application; includeInIndex = 0; path = MortgageCalculator.app; sourceTree = BUILT_PRODUCTS_DIR; };
		FAE0B75D29EED59C00448106 /* MortgageCalculatorApp.swift */ = {isa = PBXFileReference; lastKnownFileType = sourcecode.swift; path = MortgageCalculatorApp.swift; sourceTree = "<group>"; };
		FAE0B75F29EED59C00448106 /* MortgageView.swift */ = {isa = PBXFileReference; lastKnownFileType = sourcecode.swift; path = MortgageView.swift; sourceTree = "<group>"; };
		FAE0B76129EED59E00448106 /* Assets.xcassets */ = {isa = PBXFileReference; lastKnownFileType = folder.assetcatalog; path = Assets.xcassets; sourceTree = "<group>"; };
		FAE0B76429EED59E00448106 /* Preview Assets.xcassets */ = {isa = PBXFileReference; lastKnownFileType = folder.assetcatalog; path = "Preview Assets.xcassets"; sourceTree = "<group>"; };
		FAE0B76B29EED5D300448106 /* MortgageViewModel.swift */ = {isa = PBXFileReference; lastKnownFileType = sourcecode.swift; path = MortgageViewModel.swift; sourceTree = "<group>"; };
		FAE0B76D29EED5F300448106 /* Mortgage.swift */ = {isa = PBXFileReference; lastKnownFileType = sourcecode.swift; path = Mortgage.swift; sourceTree = "<group>"; };
		FAE0B80329F0552E00448106 /* MortgageCalculator1.framework */ = {isa = PBXFileReference; explicitFileType = wrapper.framework; includeInIndex = 0; path = MortgageCalculator1.framework; sourceTree = BUILT_PRODUCTS_DIR; };
		FAE0B80529F0552E00448106 /* MortgageCalculator1.h */ = {isa = PBXFileReference; lastKnownFileType = sourcecode.c.h; path = MortgageCalculator1.h; sourceTree = "<group>"; };
		FAE0B80629F0552E00448106 /* MortgageCalculator1.docc */ = {isa = PBXFileReference; lastKnownFileType = folder.documentationcatalog; path = MortgageCalculator1.docc; sourceTree = "<group>"; };
		FAE0B80C29F0552E00448106 /* MortgageCalculator1Tests.xctest */ = {isa = PBXFileReference; explicitFileType = wrapper.cfbundle; includeInIndex = 0; path = MortgageCalculator1Tests.xctest; sourceTree = BUILT_PRODUCTS_DIR; };
		FAE0B81329F0552E00448106 /* MortgageCalculator1Tests.swift */ = {isa = PBXFileReference; lastKnownFileType = sourcecode.swift; path = MortgageCalculator1Tests.swift; sourceTree = "<group>"; };
/* End PBXFileReference section */

/* Begin PBXFrameworksBuildPhase section */
		FAE0B75729EED59C00448106 /* Frameworks */ = {
			isa = PBXFrameworksBuildPhase;
			buildActionMask = 2147483647;
			files = (
				FAE0B81829F0552E00448106 /* MortgageCalculator1.framework in Frameworks */,
			);
			runOnlyForDeploymentPostprocessing = 0;
		};
		FAE0B80029F0552E00448106 /* Frameworks */ = {
			isa = PBXFrameworksBuildPhase;
			buildActionMask = 2147483647;
			files = (
			);
			runOnlyForDeploymentPostprocessing = 0;
		};
		FAE0B80929F0552E00448106 /* Frameworks */ = {
			isa = PBXFrameworksBuildPhase;
			buildActionMask = 2147483647;
			files = (
				FAE0B80D29F0552E00448106 /* MortgageCalculator1.framework in Frameworks */,
			);
			runOnlyForDeploymentPostprocessing = 0;
		};
/* End PBXFrameworksBuildPhase section */

/* Begin PBXGroup section */
		FAE0B75129EED59C00448106 = {
			isa = PBXGroup;
			children = (
				FAE0B75C29EED59C00448106 /* MortgageCalculator */,
				FAE0B80429F0552E00448106 /* MortgageCalculator1 */,
				FAE0B81229F0552E00448106 /* MortgageCalculator1Tests */,
				FAE0B75B29EED59C00448106 /* Products */,
			);
			sourceTree = "<group>";
		};
		FAE0B75B29EED59C00448106 /* Products */ = {
			isa = PBXGroup;
			children = (
				FAE0B75A29EED59C00448106 /* MortgageCalculator.app */,
				FAE0B80329F0552E00448106 /* MortgageCalculator1.framework */,
				FAE0B80C29F0552E00448106 /* MortgageCalculator1Tests.xctest */,
			);
			name = Products;
			sourceTree = "<group>";
		};
		FAE0B75C29EED59C00448106 /* MortgageCalculator */ = {
			isa = PBXGroup;
			children = (
				FAE0B75D29EED59C00448106 /* MortgageCalculatorApp.swift */,
				FAE0B75F29EED59C00448106 /* MortgageView.swift */,
				FAE0B76B29EED5D300448106 /* MortgageViewModel.swift */,
				FAE0B76D29EED5F300448106 /* Mortgage.swift */,
				FAE0B76129EED59E00448106 /* Assets.xcassets */,
				FAE0B76329EED59E00448106 /* Preview Content */,
			);
			path = MortgageCalculator;
			sourceTree = "<group>";
		};
		FAE0B76329EED59E00448106 /* Preview Content */ = {
			isa = PBXGroup;
			children = (
				FAE0B76429EED59E00448106 /* Preview Assets.xcassets */,
			);
			path = "Preview Content";
			sourceTree = "<group>";
		};
		FAE0B80429F0552E00448106 /* MortgageCalculator1 */ = {
			isa = PBXGroup;
			children = (
				FAE0B80529F0552E00448106 /* MortgageCalculator1.h */,
				FAE0B80629F0552E00448106 /* MortgageCalculator1.docc */,
			);
			path = MortgageCalculator1;
			sourceTree = "<group>";
		};
		FAE0B81229F0552E00448106 /* MortgageCalculator1Tests */ = {
			isa = PBXGroup;
			children = (
				FAE0B81329F0552E00448106 /* MortgageCalculator1Tests.swift */,
			);
			path = MortgageCalculator1Tests;
			sourceTree = "<group>";
		};
/* End PBXGroup section */

/* Begin PBXHeadersBuildPhase section */
		FAE0B7FE29F0552E00448106 /* Headers */ = {
			isa = PBXHeadersBuildPhase;
			buildActionMask = 2147483647;
			files = (
				FAE0B81529F0552E00448106 /* MortgageCalculator1.h in Headers */,
			);
			runOnlyForDeploymentPostprocessing = 0;
		};
/* End PBXHeadersBuildPhase section */

/* Begin PBXNativeTarget section */
		FAE0B75929EED59C00448106 /* MortgageCalculator */ = {
			isa = PBXNativeTarget;
			buildConfigurationList = FAE0B76829EED59E00448106 /* Build configuration list for PBXNativeTarget "MortgageCalculator" */;
			buildPhases = (
				FAE0B75629EED59C00448106 /* Sources */,
				FAE0B75729EED59C00448106 /* Frameworks */,
				FAE0B75829EED59C00448106 /* Resources */,
				FAE0B7EF29F0476300448106 /* Embed Frameworks */,
			);
			buildRules = (
			);
			dependencies = (
				FAE0B81729F0552E00448106 /* PBXTargetDependency */,
			);
			name = MortgageCalculator;
			productName = MortgageCalculator;
			productReference = FAE0B75A29EED59C00448106 /* MortgageCalculator.app */;
			productType = "com.apple.product-type.application";
		};
		FAE0B80229F0552E00448106 /* MortgageCalculator1 */ = {
			isa = PBXNativeTarget;
			buildConfigurationList = FAE0B81A29F0552E00448106 /* Build configuration list for PBXNativeTarget "MortgageCalculator1" */;
			buildPhases = (
				FAE0B7FE29F0552E00448106 /* Headers */,
				FAE0B7FF29F0552E00448106 /* Sources */,
				FAE0B80029F0552E00448106 /* Frameworks */,
				FAE0B80129F0552E00448106 /* Resources */,
			);
			buildRules = (
			);
			dependencies = (
			);
			name = MortgageCalculator1;
			productName = MortgageCalculator1;
			productReference = FAE0B80329F0552E00448106 /* MortgageCalculator1.framework */;
			productType = "com.apple.product-type.framework";
		};
		FAE0B80B29F0552E00448106 /* MortgageCalculator1Tests */ = {
			isa = PBXNativeTarget;
			buildConfigurationList = FAE0B81D29F0552E00448106 /* Build configuration list for PBXNativeTarget "MortgageCalculator1Tests" */;
			buildPhases = (
				FAE0B80829F0552E00448106 /* Sources */,
				FAE0B80929F0552E00448106 /* Frameworks */,
				FAE0B80A29F0552E00448106 /* Resources */,
			);
			buildRules = (
			);
			dependencies = (
				FAE0B80F29F0552E00448106 /* PBXTargetDependency */,
				FAE0B81129F0552E00448106 /* PBXTargetDependency */,
			);
			name = MortgageCalculator1Tests;
			productName = MortgageCalculator1Tests;
			productReference = FAE0B80C29F0552E00448106 /* MortgageCalculator1Tests.xctest */;
			productType = "com.apple.product-type.bundle.unit-test";
		};
/* End PBXNativeTarget section */

/* Begin PBXProject section */
		FAE0B75229EED59C00448106 /* Project object */ = {
			isa = PBXProject;
			attributes = {
				BuildIndependentTargetsInParallel = 1;
				LastSwiftUpdateCheck = 1430;
				LastUpgradeCheck = 1430;
				TargetAttributes = {
					FAE0B75929EED59C00448106 = {
						CreatedOnToolsVersion = 14.3;
					};
					FAE0B80229F0552E00448106 = {
						CreatedOnToolsVersion = 14.3;
					};
					FAE0B80B29F0552E00448106 = {
						CreatedOnToolsVersion = 14.3;
						TestTargetID = FAE0B75929EED59C00448106;
					};
				};
			};
			buildConfigurationList = FAE0B75529EED59C00448106 /* Build configuration list for PBXProject "MortgageCalculator" */;
			compatibilityVersion = "Xcode 14.0";
			developmentRegion = en;
			hasScannedForEncodings = 0;
			knownRegions = (
				en,
				Base,
			);
			mainGroup = FAE0B75129EED59C00448106;
			productRefGroup = FAE0B75B29EED59C00448106 /* Products */;
			projectDirPath = "";
			projectRoot = "";
			targets = (
				FAE0B75929EED59C00448106 /* MortgageCalculator */,
				FAE0B80229F0552E00448106 /* MortgageCalculator1 */,
				FAE0B80B29F0552E00448106 /* MortgageCalculator1Tests */,
			);
		};
/* End PBXProject section */

/* Begin PBXResourcesBuildPhase section */
		FAE0B75829EED59C00448106 /* Resources */ = {
			isa = PBXResourcesBuildPhase;
			buildActionMask = 2147483647;
			files = (
				FAE0B76529EED59E00448106 /* Preview Assets.xcassets in Resources */,
				FAE0B76229EED59E00448106 /* Assets.xcassets in Resources */,
			);
			runOnlyForDeploymentPostprocessing = 0;
		};
		FAE0B80129F0552E00448106 /* Resources */ = {
			isa = PBXResourcesBuildPhase;
			buildActionMask = 2147483647;
			files = (
			);
			runOnlyForDeploymentPostprocessing = 0;
		};
		FAE0B80A29F0552E00448106 /* Resources */ = {
			isa = PBXResourcesBuildPhase;
			buildActionMask = 2147483647;
			files = (
			);
			runOnlyForDeploymentPostprocessing = 0;
		};
/* End PBXResourcesBuildPhase section */

/* Begin PBXSourcesBuildPhase section */
		FAE0B75629EED59C00448106 /* Sources */ = {
			isa = PBXSourcesBuildPhase;
			buildActionMask = 2147483647;
			files = (
				FAE0B76029EED59C00448106 /* MortgageView.swift in Sources */,
				FAE0B76C29EED5D300448106 /* MortgageViewModel.swift in Sources */,
				FAE0B75E29EED59C00448106 /* MortgageCalculatorApp.swift in Sources */,
				FAE0B76E29EED5F300448106 /* Mortgage.swift in Sources */,
			);
			runOnlyForDeploymentPostprocessing = 0;
		};
		FAE0B7FF29F0552E00448106 /* Sources */ = {
			isa = PBXSourcesBuildPhase;
			buildActionMask = 2147483647;
			files = (
				FAE0B80729F0552E00448106 /* MortgageCalculator1.docc in Sources */,
			);
			runOnlyForDeploymentPostprocessing = 0;
		};
		FAE0B80829F0552E00448106 /* Sources */ = {
			isa = PBXSourcesBuildPhase;
			buildActionMask = 2147483647;
			files = (
				FAE0B81429F0552E00448106 /* MortgageCalculator1Tests.swift in Sources */,
			);
			runOnlyForDeploymentPostprocessing = 0;
		};
/* End PBXSourcesBuildPhase section */

/* Begin PBXTargetDependency section */
		FAE0B80F29F0552E00448106 /* PBXTargetDependency */ = {
			isa = PBXTargetDependency;
			target = FAE0B80229F0552E00448106 /* MortgageCalculator1 */;
			targetProxy = FAE0B80E29F0552E00448106 /* PBXContainerItemProxy */;
		};
		FAE0B81129F0552E00448106 /* PBXTargetDependency */ = {
			isa = PBXTargetDependency;
			target = FAE0B75929EED59C00448106 /* MortgageCalculator */;
			targetProxy = FAE0B81029F0552E00448106 /* PBXContainerItemProxy */;
		};
		FAE0B81729F0552E00448106 /* PBXTargetDependency */ = {
			isa = PBXTargetDependency;
			target = FAE0B80229F0552E00448106 /* MortgageCalculator1 */;
			targetProxy = FAE0B81629F0552E00448106 /* PBXContainerItemProxy */;
		};
/* End PBXTargetDependency section */

/* Begin XCBuildConfiguration section */
		FAE0B76629EED59E00448106 /* Debug */ = {
			isa = XCBuildConfiguration;
			buildSettings = {
				ALWAYS_SEARCH_USER_PATHS = NO;
				CLANG_ANALYZER_NONNULL = YES;
				CLANG_ANALYZER_NUMBER_OBJECT_CONVERSION = YES_AGGRESSIVE;
				CLANG_CXX_LANGUAGE_STANDARD = "gnu++20";
				CLANG_ENABLE_MODULES = YES;
				CLANG_ENABLE_OBJC_ARC = YES;
				CLANG_ENABLE_OBJC_WEAK = YES;
				CLANG_WARN_BLOCK_CAPTURE_AUTORELEASING = YES;
				CLANG_WARN_BOOL_CONVERSION = YES;
				CLANG_WARN_COMMA = YES;
				CLANG_WARN_CONSTANT_CONVERSION = YES;
				CLANG_WARN_DEPRECATED_OBJC_IMPLEMENTATIONS = YES;
				CLANG_WARN_DIRECT_OBJC_ISA_USAGE = YES_ERROR;
				CLANG_WARN_DOCUMENTATION_COMMENTS = YES;
				CLANG_WARN_EMPTY_BODY = YES;
				CLANG_WARN_ENUM_CONVERSION = YES;
				CLANG_WARN_INFINITE_RECURSION = YES;
				CLANG_WARN_INT_CONVERSION = YES;
				CLANG_WARN_NON_LITERAL_NULL_CONVERSION = YES;
				CLANG_WARN_OBJC_IMPLICIT_RETAIN_SELF = YES;
				CLANG_WARN_OBJC_LITERAL_CONVERSION = YES;
				CLANG_WARN_OBJC_ROOT_CLASS = YES_ERROR;
				CLANG_WARN_QUOTED_INCLUDE_IN_FRAMEWORK_HEADER = YES;
				CLANG_WARN_RANGE_LOOP_ANALYSIS = YES;
				CLANG_WARN_STRICT_PROTOTYPES = YES;
				CLANG_WARN_SUSPICIOUS_MOVE = YES;
				CLANG_WARN_UNGUARDED_AVAILABILITY = YES_AGGRESSIVE;
				CLANG_WARN_UNREACHABLE_CODE = YES;
				CLANG_WARN__DUPLICATE_METHOD_MATCH = YES;
				COPY_PHASE_STRIP = NO;
				DEBUG_INFORMATION_FORMAT = dwarf;
				ENABLE_STRICT_OBJC_MSGSEND = YES;
				ENABLE_TESTABILITY = YES;
				GCC_C_LANGUAGE_STANDARD = gnu11;
				GCC_DYNAMIC_NO_PIC = NO;
				GCC_NO_COMMON_BLOCKS = YES;
				GCC_OPTIMIZATION_LEVEL = 0;
				GCC_PREPROCESSOR_DEFINITIONS = (
					"DEBUG=1",
					"$(inherited)",
				);
				GCC_WARN_64_TO_32_BIT_CONVERSION = YES;
				GCC_WARN_ABOUT_RETURN_TYPE = YES_ERROR;
				GCC_WARN_UNDECLARED_SELECTOR = YES;
				GCC_WARN_UNINITIALIZED_AUTOS = YES_AGGRESSIVE;
				GCC_WARN_UNUSED_FUNCTION = YES;
				GCC_WARN_UNUSED_VARIABLE = YES;
				IPHONEOS_DEPLOYMENT_TARGET = 15.0;
				MTL_ENABLE_DEBUG_INFO = INCLUDE_SOURCE;
				MTL_FAST_MATH = YES;
				ONLY_ACTIVE_ARCH = YES;
				SDKROOT = iphoneos;
				SWIFT_ACTIVE_COMPILATION_CONDITIONS = DEBUG;
				SWIFT_OPTIMIZATION_LEVEL = "-Onone";
			};
			name = Debug;
		};
		FAE0B76729EED59E00448106 /* Release */ = {
			isa = XCBuildConfiguration;
			buildSettings = {
				ALWAYS_SEARCH_USER_PATHS = NO;
				CLANG_ANALYZER_NONNULL = YES;
				CLANG_ANALYZER_NUMBER_OBJECT_CONVERSION = YES_AGGRESSIVE;
				CLANG_CXX_LANGUAGE_STANDARD = "gnu++20";
				CLANG_ENABLE_MODULES = YES;
				CLANG_ENABLE_OBJC_ARC = YES;
				CLANG_ENABLE_OBJC_WEAK = YES;
				CLANG_WARN_BLOCK_CAPTURE_AUTORELEASING = YES;
				CLANG_WARN_BOOL_CONVERSION = YES;
				CLANG_WARN_COMMA = YES;
				CLANG_WARN_CONSTANT_CONVERSION = YES;
				CLANG_WARN_DEPRECATED_OBJC_IMPLEMENTATIONS = YES;
				CLANG_WARN_DIRECT_OBJC_ISA_USAGE = YES_ERROR;
				CLANG_WARN_DOCUMENTATION_COMMENTS = YES;
				CLANG_WARN_EMPTY_BODY = YES;
				CLANG_WARN_ENUM_CONVERSION = YES;
				CLANG_WARN_INFINITE_RECURSION = YES;
				CLANG_WARN_INT_CONVERSION = YES;
				CLANG_WARN_NON_LITERAL_NULL_CONVERSION = YES;
				CLANG_WARN_OBJC_IMPLICIT_RETAIN_SELF = YES;
				CLANG_WARN_OBJC_LITERAL_CONVERSION = YES;
				CLANG_WARN_OBJC_ROOT_CLASS = YES_ERROR;
				CLANG_WARN_QUOTED_INCLUDE_IN_FRAMEWORK_HEADER = YES;
				CLANG_WARN_RANGE_LOOP_ANALYSIS = YES;
				CLANG_WARN_STRICT_PROTOTYPES = YES;
				CLANG_WARN_SUSPICIOUS_MOVE = YES;
				CLANG_WARN_UNGUARDED_AVAILABILITY = YES_AGGRESSIVE;
				CLANG_WARN_UNREACHABLE_CODE = YES;
				CLANG_WARN__DUPLICATE_METHOD_MATCH = YES;
				COPY_PHASE_STRIP = NO;
				DEBUG_INFORMATION_FORMAT = "dwarf-with-dsym";
				ENABLE_NS_ASSERTIONS = NO;
				ENABLE_STRICT_OBJC_MSGSEND = YES;
				GCC_C_LANGUAGE_STANDARD = gnu11;
				GCC_NO_COMMON_BLOCKS = YES;
				GCC_WARN_64_TO_32_BIT_CONVERSION = YES;
				GCC_WARN_ABOUT_RETURN_TYPE = YES_ERROR;
				GCC_WARN_UNDECLARED_SELECTOR = YES;
				GCC_WARN_UNINITIALIZED_AUTOS = YES_AGGRESSIVE;
				GCC_WARN_UNUSED_FUNCTION = YES;
				GCC_WARN_UNUSED_VARIABLE = YES;
				IPHONEOS_DEPLOYMENT_TARGET = 15.0;
				MTL_ENABLE_DEBUG_INFO = NO;
				MTL_FAST_MATH = YES;
				SDKROOT = iphoneos;
				SWIFT_COMPILATION_MODE = wholemodule;
				SWIFT_OPTIMIZATION_LEVEL = "-O";
				VALIDATE_PRODUCT = YES;
			};
			name = Release;
		};
		FAE0B76929EED59E00448106 /* Debug */ = {
			isa = XCBuildConfiguration;
			buildSettings = {
				ASSETCATALOG_COMPILER_APPICON_NAME = AppIcon;
				ASSETCATALOG_COMPILER_GLOBAL_ACCENT_COLOR_NAME = AccentColor;
				CODE_SIGN_STYLE = Automatic;
				CURRENT_PROJECT_VERSION = 1;
				DEVELOPMENT_ASSET_PATHS = "\"MortgageCalculator/Preview Content\"";
				DEVELOPMENT_TEAM = ST3PH6NUXB;
				ENABLE_PREVIEWS = YES;
				GENERATE_INFOPLIST_FILE = YES;
				INFOPLIST_KEY_LSApplicationCategoryType = "public.app-category.finance";
				INFOPLIST_KEY_UIApplicationSceneManifest_Generation = YES;
				INFOPLIST_KEY_UIApplicationSupportsIndirectInputEvents = YES;
				INFOPLIST_KEY_UILaunchScreen_Generation = YES;
				INFOPLIST_KEY_UISupportedInterfaceOrientations_iPad = "UIInterfaceOrientationPortrait UIInterfaceOrientationPortraitUpsideDown UIInterfaceOrientationLandscapeLeft UIInterfaceOrientationLandscapeRight";
				INFOPLIST_KEY_UISupportedInterfaceOrientations_iPhone = "UIInterfaceOrientationPortrait UIInterfaceOrientationLandscapeLeft UIInterfaceOrientationLandscapeRight";
				LD_RUNPATH_SEARCH_PATHS = (
					"$(inherited)",
					"@executable_path/Frameworks",
				);
				MARKETING_VERSION = 1.0;
				PRODUCT_BUNDLE_IDENTIFIER = com.MortgageCalculator.i4software;
				PRODUCT_NAME = "$(TARGET_NAME)";
				SWIFT_EMIT_LOC_STRINGS = YES;
				SWIFT_VERSION = 5.0;
				TARGETED_DEVICE_FAMILY = "1,2";
			};
			name = Debug;
		};
		FAE0B76A29EED59E00448106 /* Release */ = {
			isa = XCBuildConfiguration;
			buildSettings = {
				ASSETCATALOG_COMPILER_APPICON_NAME = AppIcon;
				ASSETCATALOG_COMPILER_GLOBAL_ACCENT_COLOR_NAME = AccentColor;
				CODE_SIGN_STYLE = Automatic;
				CURRENT_PROJECT_VERSION = 1;
				DEVELOPMENT_ASSET_PATHS = "\"MortgageCalculator/Preview Content\"";
				DEVELOPMENT_TEAM = ST3PH6NUXB;
				ENABLE_PREVIEWS = YES;
				GENERATE_INFOPLIST_FILE = YES;
				INFOPLIST_KEY_LSApplicationCategoryType = "public.app-category.finance";
				INFOPLIST_KEY_UIApplicationSceneManifest_Generation = YES;
				INFOPLIST_KEY_UIApplicationSupportsIndirectInputEvents = YES;
				INFOPLIST_KEY_UILaunchScreen_Generation = YES;
				INFOPLIST_KEY_UISupportedInterfaceOrientations_iPad = "UIInterfaceOrientationPortrait UIInterfaceOrientationPortraitUpsideDown UIInterfaceOrientationLandscapeLeft UIInterfaceOrientationLandscapeRight";
				INFOPLIST_KEY_UISupportedInterfaceOrientations_iPhone = "UIInterfaceOrientationPortrait UIInterfaceOrientationLandscapeLeft UIInterfaceOrientationLandscapeRight";
				LD_RUNPATH_SEARCH_PATHS = (
					"$(inherited)",
					"@executable_path/Frameworks",
				);
				MARKETING_VERSION = 1.0;
				PRODUCT_BUNDLE_IDENTIFIER = com.MortgageCalculator.i4software;
				PRODUCT_NAME = "$(TARGET_NAME)";
				SWIFT_EMIT_LOC_STRINGS = YES;
				SWIFT_VERSION = 5.0;
				TARGETED_DEVICE_FAMILY = "1,2";
			};
			name = Release;
		};
		FAE0B81B29F0552E00448106 /* Debug */ = {
			isa = XCBuildConfiguration;
			buildSettings = {
				CODE_SIGN_STYLE = Automatic;
				CURRENT_PROJECT_VERSION = 1;
				DEFINES_MODULE = YES;
				DYLIB_COMPATIBILITY_VERSION = 1;
				DYLIB_CURRENT_VERSION = 1;
				DYLIB_INSTALL_NAME_BASE = "@rpath";
				ENABLE_MODULE_VERIFIER = YES;
				GENERATE_INFOPLIST_FILE = YES;
				INFOPLIST_KEY_NSHumanReadableCopyright = "";
				INSTALL_PATH = "$(LOCAL_LIBRARY_DIR)/Frameworks";
				LD_RUNPATH_SEARCH_PATHS = (
					"$(inherited)",
					"@executable_path/Frameworks",
					"@loader_path/Frameworks",
				);
				MARKETING_VERSION = 1.0;
				MODULE_VERIFIER_SUPPORTED_LANGUAGES = "objective-c objective-c++";
				MODULE_VERIFIER_SUPPORTED_LANGUAGE_STANDARDS = "gnu11 gnu++20";
				PRODUCT_BUNDLE_IDENTIFIER = WasifDevelopments.MortgageCalculator1;
				PRODUCT_NAME = "$(TARGET_NAME:c99extidentifier)";
				SKIP_INSTALL = YES;
				SWIFT_EMIT_LOC_STRINGS = YES;
				SWIFT_VERSION = 5.0;
				TARGETED_DEVICE_FAMILY = "1,2";
				VERSIONING_SYSTEM = "apple-generic";
				VERSION_INFO_PREFIX = "";
			};
			name = Debug;
		};
		FAE0B81C29F0552E00448106 /* Release */ = {
			isa = XCBuildConfiguration;
			buildSettings = {
				CODE_SIGN_STYLE = Automatic;
				CURRENT_PROJECT_VERSION = 1;
				DEFINES_MODULE = YES;
				DYLIB_COMPATIBILITY_VERSION = 1;
				DYLIB_CURRENT_VERSION = 1;
				DYLIB_INSTALL_NAME_BASE = "@rpath";
				ENABLE_MODULE_VERIFIER = YES;
				GENERATE_INFOPLIST_FILE = YES;
				INFOPLIST_KEY_NSHumanReadableCopyright = "";
				INSTALL_PATH = "$(LOCAL_LIBRARY_DIR)/Frameworks";
				LD_RUNPATH_SEARCH_PATHS = (
					"$(inherited)",
					"@executable_path/Frameworks",
					"@loader_path/Frameworks",
				);
				MARKETING_VERSION = 1.0;
				MODULE_VERIFIER_SUPPORTED_LANGUAGES = "objective-c objective-c++";
				MODULE_VERIFIER_SUPPORTED_LANGUAGE_STANDARDS = "gnu11 gnu++20";
				PRODUCT_BUNDLE_IDENTIFIER = WasifDevelopments.MortgageCalculator1;
				PRODUCT_NAME = "$(TARGET_NAME:c99extidentifier)";
				SKIP_INSTALL = YES;
				SWIFT_EMIT_LOC_STRINGS = YES;
				SWIFT_VERSION = 5.0;
				TARGETED_DEVICE_FAMILY = "1,2";
				VERSIONING_SYSTEM = "apple-generic";
				VERSION_INFO_PREFIX = "";
			};
			name = Release;
		};
		FAE0B81E29F0552E00448106 /* Debug */ = {
			isa = XCBuildConfiguration;
			buildSettings = {
				ALWAYS_EMBED_SWIFT_STANDARD_LIBRARIES = YES;
				CODE_SIGN_STYLE = Automatic;
				CURRENT_PROJECT_VERSION = 1;
				GENERATE_INFOPLIST_FILE = YES;
				MARKETING_VERSION = 1.0;
				PRODUCT_BUNDLE_IDENTIFIER = WasifDevelopments.MortgageCalculator1Tests;
				PRODUCT_NAME = "$(TARGET_NAME)";
				SWIFT_EMIT_LOC_STRINGS = NO;
				SWIFT_VERSION = 5.0;
				TARGETED_DEVICE_FAMILY = "1,2";
				TEST_HOST = "$(BUILT_PRODUCTS_DIR)/MortgageCalculator.app/$(BUNDLE_EXECUTABLE_FOLDER_PATH)/MortgageCalculator";
			};
			name = Debug;
		};
		FAE0B81F29F0552E00448106 /* Release */ = {
			isa = XCBuildConfiguration;
			buildSettings = {
				ALWAYS_EMBED_SWIFT_STANDARD_LIBRARIES = YES;
				CODE_SIGN_STYLE = Automatic;
				CURRENT_PROJECT_VERSION = 1;
				GENERATE_INFOPLIST_FILE = YES;
				MARKETING_VERSION = 1.0;
				PRODUCT_BUNDLE_IDENTIFIER = WasifDevelopments.MortgageCalculator1Tests;
				PRODUCT_NAME = "$(TARGET_NAME)";
				SWIFT_EMIT_LOC_STRINGS = NO;
				SWIFT_VERSION = 5.0;
				TARGETED_DEVICE_FAMILY = "1,2";
				TEST_HOST = "$(BUILT_PRODUCTS_DIR)/MortgageCalculator.app/$(BUNDLE_EXECUTABLE_FOLDER_PATH)/MortgageCalculator";
			};
			name = Release;
		};
/* End XCBuildConfiguration section */

/* Begin XCConfigurationList section */
		FAE0B75529EED59C00448106 /* Build configuration list for PBXProject "MortgageCalculator" */ = {
			isa = XCConfigurationList;
			buildConfigurations = (
				FAE0B76629EED59E00448106 /* Debug */,
				FAE0B76729EED59E00448106 /* Release */,
			);
			defaultConfigurationIsVisible = 0;
			defaultConfigurationName = Release;
		};
		FAE0B76829EED59E00448106 /* Build configuration list for PBXNativeTarget "MortgageCalculator" */ = {
			isa = XCConfigurationList;
			buildConfigurations = (
				FAE0B76929EED59E00448106 /* Debug */,
				FAE0B76A29EED59E00448106 /* Release */,
			);
			defaultConfigurationIsVisible = 0;
			defaultConfigurationName = Release;
		};
		FAE0B81A29F0552E00448106 /* Build configuration list for PBXNativeTarget "MortgageCalculator1" */ = {
			isa = XCConfigurationList;
			buildConfigurations = (
				FAE0B81B29F0552E00448106 /* Debug */,
				FAE0B81C29F0552E00448106 /* Release */,
			);
			defaultConfigurationIsVisible = 0;
			defaultConfigurationName = Release;
		};
		FAE0B81D29F0552E00448106 /* Build configuration list for PBXNativeTarget "MortgageCalculator1Tests" */ = {
			isa = XCConfigurationList;
			buildConfigurations = (
				FAE0B81E29F0552E00448106 /* Debug */,
				FAE0B81F29F0552E00448106 /* Release */,
			);
			defaultConfigurationIsVisible = 0;
			defaultConfigurationName = Release;
		};
/* End XCConfigurationList section */
	};
	rootObject = FAE0B75229EED59C00448106 /* Project object */;
}
